// !$*UTF8*$!
{
	archiveVersion = 1;
	classes = {
	};
	objectVersion = 46;
	objects = {

/* Begin PBXBuildFile section */
		3D1F1A2915B32D3C00DEC23F /* InfoPlist.strings in Resources */ = {isa = PBXBuildFile; fileRef = 089C1666FE841158C02AAC07 /* InfoPlist.strings */; };
		3D1F1A8915B32DB900DEC23F /* JXZip.h in Headers */ = {isa = PBXBuildFile; fileRef = 3D1F1A8515B32DB900DEC23F /* JXZip.h */; settings = {ATTRIBUTES = (Public, ); }; };
		3D1F1A8A15B32DB900DEC23F /* JXZip.m in Sources */ = {isa = PBXBuildFile; fileRef = 3D1F1A8615B32DB900DEC23F /* JXZip.m */; };
		3D1F1A8B15B32DB900DEC23F /* JXZippedFileInfo.h in Headers */ = {isa = PBXBuildFile; fileRef = 3D1F1A8715B32DB900DEC23F /* JXZippedFileInfo.h */; settings = {ATTRIBUTES = (Public, ); }; };
		3D1F1A8C15B32DB900DEC23F /* JXZippedFileInfo.m in Sources */ = {isa = PBXBuildFile; fileRef = 3D1F1A8815B32DB900DEC23F /* JXZippedFileInfo.m */; };
		3D1F1B0015B3FC5F00DEC23F /* InfoPlist.strings in Resources */ = {isa = PBXBuildFile; fileRef = 3D1F1AFE15B3FC5F00DEC23F /* InfoPlist.strings */; };
		3D1F1B0315B3FC5F00DEC23F /* JXZipTest.m in Sources */ = {isa = PBXBuildFile; fileRef = 3D1F1B0215B3FC5F00DEC23F /* JXZipTest.m */; };
		3D1F1B6F15B4086000DEC23F /* test.zip in Resources */ = {isa = PBXBuildFile; fileRef = 3D1F1B6E15B4085F00DEC23F /* test.zip */; };
		3D1F1B8B15B40DB000DEC23F /* JXZip.framework in Frameworks */ = {isa = PBXBuildFile; fileRef = 3D1F1A8315B32D3C00DEC23F /* JXZip.framework */; };
		3DE00EB815CEA7AE00B0C42F /* Foundation.framework in Frameworks */ = {isa = PBXBuildFile; fileRef = 3DE00EB715CEA7AE00B0C42F /* Foundation.framework */; };
		3DFEF4EF257E5C610072B8FB /* libzip.dylib in Frameworks */ = {isa = PBXBuildFile; fileRef = 3DFEF4E4257E5C4C0072B8FB /* libzip.dylib */; };
		3DFEF4FB257E5F0B0072B8FB /* libzip.dylib in Copy dylibs to Frameworks */ = {isa = PBXBuildFile; fileRef = 3DFEF4E4257E5C4C0072B8FB /* libzip.dylib */; settings = {ATTRIBUTES = (CodeSignOnCopy, ); }; };
/* End PBXBuildFile section */

/* Begin PBXContainerItemProxy section */
		3DFEF4E3257E5C4C0072B8FB /* PBXContainerItemProxy */ = {
			isa = PBXContainerItemProxy;
			containerPortal = 3DFEF4D9257E5C4C0072B8FB /* libzip.xcodeproj */;
			proxyType = 2;
			remoteGlobalIDString = 4F5B46E1D4FF42D8B73D992C;
			remoteInfo = zip;
		};
		3DFEF4ED257E5C580072B8FB /* PBXContainerItemProxy */ = {
			isa = PBXContainerItemProxy;
			containerPortal = 3DFEF4D9257E5C4C0072B8FB /* libzip.xcodeproj */;
			proxyType = 1;
			remoteGlobalIDString = 04C66F285A9446649BB72044;
			remoteInfo = zip;
		};
/* End PBXContainerItemProxy section */

/* Begin PBXCopyFilesBuildPhase section */
		3D98560A163586A800EEB44B /* Copy dylibs to Frameworks */ = {
			isa = PBXCopyFilesBuildPhase;
			buildActionMask = 2147483647;
			dstPath = "";
			dstSubfolderSpec = 10;
			files = (
				3DFEF4FB257E5F0B0072B8FB /* libzip.dylib in Copy dylibs to Frameworks */,
			);
			name = "Copy dylibs to Frameworks";
			runOnlyForDeploymentPostprocessing = 0;
		};
/* End PBXCopyFilesBuildPhase section */

/* Begin PBXFileReference section */
		0867D69BFE84028FC02AAC07 /* Foundation.framework */ = {isa = PBXFileReference; lastKnownFileType = wrapper.framework; name = Foundation.framework; path = /System/Library/Frameworks/Foundation.framework; sourceTree = "<absolute>"; };
		0867D6A5FE840307C02AAC07 /* AppKit.framework */ = {isa = PBXFileReference; lastKnownFileType = wrapper.framework; name = AppKit.framework; path = /System/Library/Frameworks/AppKit.framework; sourceTree = "<absolute>"; };
		1058C7B1FEA5585E11CA2CBB /* Cocoa.framework */ = {isa = PBXFileReference; lastKnownFileType = wrapper.framework; name = Cocoa.framework; path = /System/Library/Frameworks/Cocoa.framework; sourceTree = "<absolute>"; };
		3D1F1A8315B32D3C00DEC23F /* JXZip.framework */ = {isa = PBXFileReference; explicitFileType = wrapper.framework; includeInIndex = 0; path = JXZip.framework; sourceTree = BUILT_PRODUCTS_DIR; };
		3D1F1A8415B32D3D00DEC23F /* JXZip-Info.plist */ = {isa = PBXFileReference; lastKnownFileType = text.plist.xml; name = "JXZip-Info.plist"; path = "/Volumes/Odo/Development/Projects/libzip-framework/JXZip-Info.plist"; sourceTree = "<absolute>"; };
		3D1F1A8515B32DB900DEC23F /* JXZip.h */ = {isa = PBXFileReference; fileEncoding = 4; lastKnownFileType = sourcecode.c.h; path = JXZip.h; sourceTree = SOURCE_ROOT; };
		3D1F1A8615B32DB900DEC23F /* JXZip.m */ = {isa = PBXFileReference; fileEncoding = 4; lastKnownFileType = sourcecode.c.objc; path = JXZip.m; sourceTree = SOURCE_ROOT; };
		3D1F1A8715B32DB900DEC23F /* JXZippedFileInfo.h */ = {isa = PBXFileReference; fileEncoding = 4; lastKnownFileType = sourcecode.c.h; path = JXZippedFileInfo.h; sourceTree = SOURCE_ROOT; };
		3D1F1A8815B32DB900DEC23F /* JXZippedFileInfo.m */ = {isa = PBXFileReference; fileEncoding = 4; lastKnownFileType = sourcecode.c.objc; path = JXZippedFileInfo.m; sourceTree = SOURCE_ROOT; };
		3D1F1AF115B3FC5F00DEC23F /* JXZipTest.xctest */ = {isa = PBXFileReference; explicitFileType = wrapper.cfbundle; includeInIndex = 0; path = JXZipTest.xctest; sourceTree = BUILT_PRODUCTS_DIR; };
		3D1F1AF815B3FC5F00DEC23F /* AppKit.framework */ = {isa = PBXFileReference; lastKnownFileType = wrapper.framework; name = AppKit.framework; path = Library/Frameworks/AppKit.framework; sourceTree = SDKROOT; };
		3D1F1AF915B3FC5F00DEC23F /* CoreData.framework */ = {isa = PBXFileReference; lastKnownFileType = wrapper.framework; name = CoreData.framework; path = Library/Frameworks/CoreData.framework; sourceTree = SDKROOT; };
		3D1F1AFA15B3FC5F00DEC23F /* Foundation.framework */ = {isa = PBXFileReference; lastKnownFileType = wrapper.framework; name = Foundation.framework; path = Library/Frameworks/Foundation.framework; sourceTree = SDKROOT; };
		3D1F1AFD15B3FC5F00DEC23F /* JXZipTest-Info.plist */ = {isa = PBXFileReference; lastKnownFileType = text.plist.xml; path = "JXZipTest-Info.plist"; sourceTree = "<group>"; };
		3D1F1AFF15B3FC5F00DEC23F /* en */ = {isa = PBXFileReference; lastKnownFileType = text.plist.strings; name = en; path = en.lproj/InfoPlist.strings; sourceTree = "<group>"; };
		3D1F1B0115B3FC5F00DEC23F /* JXZipTest.h */ = {isa = PBXFileReference; lastKnownFileType = sourcecode.c.h; path = JXZipTest.h; sourceTree = "<group>"; };
		3D1F1B0215B3FC5F00DEC23F /* JXZipTest.m */ = {isa = PBXFileReference; lastKnownFileType = sourcecode.c.objc; path = JXZipTest.m; sourceTree = "<group>"; };
		3D1F1B0415B3FC5F00DEC23F /* JXZipTest-Prefix.pch */ = {isa = PBXFileReference; lastKnownFileType = sourcecode.c.h; path = "JXZipTest-Prefix.pch"; sourceTree = "<group>"; };
		3D1F1B6E15B4085F00DEC23F /* test.zip */ = {isa = PBXFileReference; lastKnownFileType = archive.zip; name = test.zip; path = libzip/regress/test.zip; sourceTree = SOURCE_ROOT; };
		3D62A5E5148E7E2D00D9B13A /* Base.xcconfig */ = {isa = PBXFileReference; fileEncoding = 4; lastKnownFileType = text.xcconfig; path = Base.xcconfig; sourceTree = "<group>"; };
		3DE00EB715CEA7AE00B0C42F /* Foundation.framework */ = {isa = PBXFileReference; lastKnownFileType = wrapper.framework; name = Foundation.framework; path = System/Library/Frameworks/Foundation.framework; sourceTree = SDKROOT; };
		3DFEF4D9257E5C4C0072B8FB /* libzip.xcodeproj */ = {isa = PBXFileReference; lastKnownFileType = "wrapper.pb-project"; name = libzip.xcodeproj; path = "External/libzip-xcode-custom/libzip.xcodeproj"; sourceTree = "<group>"; };
		8DC2EF5A0486A6940098B216 /* Info.plist */ = {isa = PBXFileReference; fileEncoding = 4; lastKnownFileType = text.plist.xml; path = Info.plist; sourceTree = "<group>"; };
		D2F7E79907B2D74100F64583 /* CoreData.framework */ = {isa = PBXFileReference; lastKnownFileType = wrapper.framework; name = CoreData.framework; path = /System/Library/Frameworks/CoreData.framework; sourceTree = "<absolute>"; };
		D7DC145D2572C0AB00CF8E50 /* en */ = {isa = PBXFileReference; lastKnownFileType = text.plist.strings; name = en; path = en.lproj/InfoPlist.strings; sourceTree = "<group>"; };
/* End PBXFileReference section */

/* Begin PBXFrameworksBuildPhase section */
		3D1F1A7E15B32D3C00DEC23F /* Frameworks */ = {
			isa = PBXFrameworksBuildPhase;
			buildActionMask = 2147483647;
			files = (
				3DFEF4EF257E5C610072B8FB /* libzip.dylib in Frameworks */,
				3DE00EB815CEA7AE00B0C42F /* Foundation.framework in Frameworks */,
			);
			runOnlyForDeploymentPostprocessing = 0;
		};
		3D1F1AED15B3FC5F00DEC23F /* Frameworks */ = {
			isa = PBXFrameworksBuildPhase;
			buildActionMask = 2147483647;
			files = (
				3D1F1B8B15B40DB000DEC23F /* JXZip.framework in Frameworks */,
			);
			runOnlyForDeploymentPostprocessing = 0;
		};
/* End PBXFrameworksBuildPhase section */

/* Begin PBXGroup section */
		034768DFFF38A50411DB9C8B /* Products */ = {
			isa = PBXGroup;
			children = (
				3D1F1A8315B32D3C00DEC23F /* JXZip.framework */,
				3D1F1AF115B3FC5F00DEC23F /* JXZipTest.xctest */,
			);
			name = Products;
			sourceTree = "<group>";
		};
		0867D691FE84028FC02AAC07 /* libzip */ = {
			isa = PBXGroup;
			children = (
				3D1F1A2315B32D1700DEC23F /* JXZip */,
				3D1F1AFB15B3FC5F00DEC23F /* JXZipTest */,
				089C1665FE841158C02AAC07 /* Resources */,
				0867D69AFE84028FC02AAC07 /* External Frameworks and Libraries */,
				3D62A5E4148E7E2D00D9B13A /* Configs */,
				3D1F1AF215B3FC5F00DEC23F /* Frameworks */,
				034768DFFF38A50411DB9C8B /* Products */,
			);
			name = libzip;
			sourceTree = "<group>";
		};
		0867D69AFE84028FC02AAC07 /* External Frameworks and Libraries */ = {
			isa = PBXGroup;
			children = (
				1058C7B0FEA5585E11CA2CBB /* Linked Frameworks */,
				1058C7B2FEA5585E11CA2CBB /* Other Frameworks */,
			);
			name = "External Frameworks and Libraries";
			sourceTree = "<group>";
		};
		089C1665FE841158C02AAC07 /* Resources */ = {
			isa = PBXGroup;
			children = (
				8DC2EF5A0486A6940098B216 /* Info.plist */,
				089C1666FE841158C02AAC07 /* InfoPlist.strings */,
				3D1F1A8415B32D3D00DEC23F /* JXZip-Info.plist */,
			);
			name = Resources;
			sourceTree = "<group>";
		};
		1058C7B0FEA5585E11CA2CBB /* Linked Frameworks */ = {
			isa = PBXGroup;
			children = (
				1058C7B1FEA5585E11CA2CBB /* Cocoa.framework */,
			);
			name = "Linked Frameworks";
			sourceTree = "<group>";
		};
		1058C7B2FEA5585E11CA2CBB /* Other Frameworks */ = {
			isa = PBXGroup;
			children = (
				0867D6A5FE840307C02AAC07 /* AppKit.framework */,
				D2F7E79907B2D74100F64583 /* CoreData.framework */,
				0867D69BFE84028FC02AAC07 /* Foundation.framework */,
			);
			name = "Other Frameworks";
			sourceTree = "<group>";
		};
		3D1F1A2315B32D1700DEC23F /* JXZip */ = {
			isa = PBXGroup;
			children = (
				3D1F1A8515B32DB900DEC23F /* JXZip.h */,
				3D1F1A8615B32DB900DEC23F /* JXZip.m */,
				3D1F1A8715B32DB900DEC23F /* JXZippedFileInfo.h */,
				3D1F1A8815B32DB900DEC23F /* JXZippedFileInfo.m */,
			);
			name = JXZip;
			path = libzip/src;
			sourceTree = "<group>";
		};
		3D1F1AF215B3FC5F00DEC23F /* Frameworks */ = {
			isa = PBXGroup;
			children = (
				3DFEF4D9257E5C4C0072B8FB /* libzip.xcodeproj */,
				3DE00EB715CEA7AE00B0C42F /* Foundation.framework */,
				3D1F1AF715B3FC5F00DEC23F /* Other Frameworks */,
			);
			name = Frameworks;
			sourceTree = "<group>";
		};
		3D1F1AF715B3FC5F00DEC23F /* Other Frameworks */ = {
			isa = PBXGroup;
			children = (
				3D1F1AF815B3FC5F00DEC23F /* AppKit.framework */,
				3D1F1AF915B3FC5F00DEC23F /* CoreData.framework */,
				3D1F1AFA15B3FC5F00DEC23F /* Foundation.framework */,
			);
			name = "Other Frameworks";
			sourceTree = "<group>";
		};
		3D1F1AFB15B3FC5F00DEC23F /* JXZipTest */ = {
			isa = PBXGroup;
			children = (
				3D1F1B0115B3FC5F00DEC23F /* JXZipTest.h */,
				3D1F1B0215B3FC5F00DEC23F /* JXZipTest.m */,
				3D1F1B7115B4087D00DEC23F /* Resources */,
				3D1F1AFC15B3FC5F00DEC23F /* Supporting Files */,
			);
			path = JXZipTest;
			sourceTree = "<group>";
		};
		3D1F1AFC15B3FC5F00DEC23F /* Supporting Files */ = {
			isa = PBXGroup;
			children = (
				3D1F1AFD15B3FC5F00DEC23F /* JXZipTest-Info.plist */,
				3D1F1AFE15B3FC5F00DEC23F /* InfoPlist.strings */,
				3D1F1B0415B3FC5F00DEC23F /* JXZipTest-Prefix.pch */,
			);
			name = "Supporting Files";
			sourceTree = "<group>";
		};
		3D1F1B7115B4087D00DEC23F /* Resources */ = {
			isa = PBXGroup;
			children = (
				3D1F1B6E15B4085F00DEC23F /* test.zip */,
			);
			name = Resources;
			sourceTree = "<group>";
		};
		3D62A5E4148E7E2D00D9B13A /* Configs */ = {
			isa = PBXGroup;
			children = (
				3D62A5E5148E7E2D00D9B13A /* Base.xcconfig */,
			);
			path = Configs;
			sourceTree = "<group>";
		};
		3DFEF4DA257E5C4C0072B8FB /* Products */ = {
			isa = PBXGroup;
			children = (
				3DFEF4E4257E5C4C0072B8FB /* libzip.dylib */,
			);
			name = Products;
			sourceTree = "<group>";
		};
/* End PBXGroup section */

/* Begin PBXHeadersBuildPhase section */
		3D1F1A2515B32D3C00DEC23F /* Headers */ = {
			isa = PBXHeadersBuildPhase;
			buildActionMask = 2147483647;
			files = (
				3D1F1A8915B32DB900DEC23F /* JXZip.h in Headers */,
				3D1F1A8B15B32DB900DEC23F /* JXZippedFileInfo.h in Headers */,
			);
			runOnlyForDeploymentPostprocessing = 0;
		};
/* End PBXHeadersBuildPhase section */

/* Begin PBXNativeTarget section */
		3D1F1A2415B32D3C00DEC23F /* JXZip.framework */ = {
			isa = PBXNativeTarget;
			buildConfigurationList = 3D1F1A8015B32D3C00DEC23F /* Build configuration list for PBXNativeTarget "JXZip.framework" */;
			buildPhases = (
				3D1F1A2515B32D3C00DEC23F /* Headers */,
				3D1F1A2815B32D3C00DEC23F /* Resources */,
				3D1F1A2A15B32D3C00DEC23F /* Sources */,
				3D1F1A7E15B32D3C00DEC23F /* Frameworks */,
				3D98560A163586A800EEB44B /* Copy dylibs to Frameworks */,
			);
			buildRules = (
			);
			dependencies = (
				3DFEF4EE257E5C580072B8FB /* PBXTargetDependency */,
			);
			name = JXZip.framework;
			productInstallPath = "$(HOME)/Library/Frameworks";
			productName = libzip;
			productReference = 3D1F1A8315B32D3C00DEC23F /* JXZip.framework */;
			productType = "com.apple.product-type.framework";
		};
		3D1F1AF015B3FC5F00DEC23F /* JXZipTest */ = {
			isa = PBXNativeTarget;
			buildConfigurationList = 3D1F1B0715B3FC5F00DEC23F /* Build configuration list for PBXNativeTarget "JXZipTest" */;
			buildPhases = (
				3D1F1AEC15B3FC5F00DEC23F /* Sources */,
				3D1F1AED15B3FC5F00DEC23F /* Frameworks */,
				3D1F1AEE15B3FC5F00DEC23F /* Resources */,
			);
			buildRules = (
			);
			dependencies = (
			);
			name = JXZipTest;
			productName = JXZipTest;
			productReference = 3D1F1AF115B3FC5F00DEC23F /* JXZipTest.xctest */;
			productType = "com.apple.product-type.bundle.unit-test";
		};
/* End PBXNativeTarget section */

/* Begin PBXProject section */
		0867D690FE84028FC02AAC07 /* Project object */ = {
			isa = PBXProject;
			attributes = {
				LastTestingUpgradeCheck = 0630;
				LastUpgradeCheck = 1220;
			};
			buildConfigurationList = 1DEB91B108733DA50010E9CD /* Build configuration list for PBXProject "JXZip" */;
			compatibilityVersion = "Xcode 3.2";
			developmentRegion = English;
			hasScannedForEncodings = 1;
			knownRegions = (
				English,
				Japanese,
				French,
				German,
				en,
			);
			mainGroup = 0867D691FE84028FC02AAC07 /* libzip */;
			productRefGroup = 034768DFFF38A50411DB9C8B /* Products */;
			projectDirPath = "";
			projectReferences = (
				{
					ProductGroup = 3DFEF4DA257E5C4C0072B8FB /* Products */;
					ProjectRef = 3DFEF4D9257E5C4C0072B8FB /* libzip.xcodeproj */;
				},
			);
			projectRoot = "";
			targets = (
				3D1F1A2415B32D3C00DEC23F /* JXZip.framework */,
				3D1F1AF015B3FC5F00DEC23F /* JXZipTest */,
			);
		};
/* End PBXProject section */

/* Begin PBXReferenceProxy section */
		3DFEF4E4257E5C4C0072B8FB /* libzip.dylib */ = {
			isa = PBXReferenceProxy;
			fileType = "compiled.mach-o.dylib";
			path = libzip.dylib;
			remoteRef = 3DFEF4E3257E5C4C0072B8FB /* PBXContainerItemProxy */;
			sourceTree = BUILT_PRODUCTS_DIR;
		};
/* End PBXReferenceProxy section */

/* Begin PBXResourcesBuildPhase section */
		3D1F1A2815B32D3C00DEC23F /* Resources */ = {
			isa = PBXResourcesBuildPhase;
			buildActionMask = 2147483647;
			files = (
				3D1F1A2915B32D3C00DEC23F /* InfoPlist.strings in Resources */,
			);
			runOnlyForDeploymentPostprocessing = 0;
		};
		3D1F1AEE15B3FC5F00DEC23F /* Resources */ = {
			isa = PBXResourcesBuildPhase;
			buildActionMask = 2147483647;
			files = (
				3D1F1B0015B3FC5F00DEC23F /* InfoPlist.strings in Resources */,
				3D1F1B6F15B4086000DEC23F /* test.zip in Resources */,
			);
			runOnlyForDeploymentPostprocessing = 0;
		};
/* End PBXResourcesBuildPhase section */

/* Begin PBXShellScriptBuildPhase section */
		3D1F1AEF15B3FC5F00DEC23F /* ShellScript */ = {
			isa = PBXShellScriptBuildPhase;
			buildActionMask = 2147483647;
			files = (
			);
			inputPaths = (
			);
			outputPaths = (
			);
			runOnlyForDeploymentPostprocessing = 0;
			shellPath = /bin/sh;
			shellScript = "# Run the unit tests in this test bundle.\n\"${SYSTEM_DEVELOPER_DIR}/Tools/RunUnitTests\"\n";
		};
/* End PBXShellScriptBuildPhase section */

/* Begin PBXSourcesBuildPhase section */
		3D1F1A2A15B32D3C00DEC23F /* Sources */ = {
			isa = PBXSourcesBuildPhase;
			buildActionMask = 2147483647;
			files = (
				3D1F1A8A15B32DB900DEC23F /* JXZip.m in Sources */,
				3D1F1A8C15B32DB900DEC23F /* JXZippedFileInfo.m in Sources */,
			);
			runOnlyForDeploymentPostprocessing = 0;
		};
		3D1F1AEC15B3FC5F00DEC23F /* Sources */ = {
			isa = PBXSourcesBuildPhase;
			buildActionMask = 2147483647;
			files = (
				3D1F1B0315B3FC5F00DEC23F /* JXZipTest.m in Sources */,
			);
			runOnlyForDeploymentPostprocessing = 0;
		};
/* End PBXSourcesBuildPhase section */

/* Begin PBXTargetDependency section */
		3DFEF4EE257E5C580072B8FB /* PBXTargetDependency */ = {
			isa = PBXTargetDependency;
			name = zip;
			targetProxy = 3DFEF4ED257E5C580072B8FB /* PBXContainerItemProxy */;
		};
/* End PBXTargetDependency section */

/* Begin PBXVariantGroup section */
		089C1666FE841158C02AAC07 /* InfoPlist.strings */ = {
			isa = PBXVariantGroup;
			children = (
				D7DC145D2572C0AB00CF8E50 /* en */,
			);
			name = InfoPlist.strings;
			sourceTree = "<group>";
		};
		3D1F1AFE15B3FC5F00DEC23F /* InfoPlist.strings */ = {
			isa = PBXVariantGroup;
			children = (
				3D1F1AFF15B3FC5F00DEC23F /* en */,
			);
			name = InfoPlist.strings;
			sourceTree = "<group>";
		};
/* End PBXVariantGroup section */

/* Begin XCBuildConfiguration section */
		1DEB91B208733DA50010E9CD /* Debug */ = {
			isa = XCBuildConfiguration;
			baseConfigurationReference = 3D62A5E5148E7E2D00D9B13A /* Base.xcconfig */;
			buildSettings = {
				CLANG_ANALYZER_LOCALIZABILITY_NONLOCALIZED = YES;
				CLANG_WARN_BLOCK_CAPTURE_AUTORELEASING = YES;
				CLANG_WARN_BOOL_CONVERSION = YES;
				CLANG_WARN_COMMA = YES;
				CLANG_WARN_CONSTANT_CONVERSION = YES;
				CLANG_WARN_DEPRECATED_OBJC_IMPLEMENTATIONS = YES;
				CLANG_WARN_EMPTY_BODY = YES;
				CLANG_WARN_ENUM_CONVERSION = YES;
				CLANG_WARN_INFINITE_RECURSION = YES;
				CLANG_WARN_INT_CONVERSION = YES;
				CLANG_WARN_NON_LITERAL_NULL_CONVERSION = YES;
				CLANG_WARN_OBJC_IMPLICIT_RETAIN_SELF = YES;
				CLANG_WARN_OBJC_LITERAL_CONVERSION = YES;
				CLANG_WARN_QUOTED_INCLUDE_IN_FRAMEWORK_HEADER = YES;
				CLANG_WARN_RANGE_LOOP_ANALYSIS = YES;
				CLANG_WARN_STRICT_PROTOTYPES = YES;
				CLANG_WARN_SUSPICIOUS_MOVE = YES;
				CLANG_WARN_UNREACHABLE_CODE = YES;
				CLANG_WARN__DUPLICATE_METHOD_MATCH = YES;
				ENABLE_STRICT_OBJC_MSGSEND = YES;
				ENABLE_TESTABILITY = YES;
				GCC_NO_COMMON_BLOCKS = YES;
				GCC_OPTIMIZATION_LEVEL = 0;
				GCC_WARN_64_TO_32_BIT_CONVERSION = YES;
				ONLY_ACTIVE_ARCH = YES;
			};
			name = Debug;
		};
		1DEB91B308733DA50010E9CD /* Release */ = {
			isa = XCBuildConfiguration;
			baseConfigurationReference = 3D62A5E5148E7E2D00D9B13A /* Base.xcconfig */;
			buildSettings = {
				CLANG_ANALYZER_LOCALIZABILITY_NONLOCALIZED = YES;
				CLANG_WARN_BLOCK_CAPTURE_AUTORELEASING = YES;
				CLANG_WARN_BOOL_CONVERSION = YES;
				CLANG_WARN_COMMA = YES;
				CLANG_WARN_CONSTANT_CONVERSION = YES;
				CLANG_WARN_DEPRECATED_OBJC_IMPLEMENTATIONS = YES;
				CLANG_WARN_EMPTY_BODY = YES;
				CLANG_WARN_ENUM_CONVERSION = YES;
				CLANG_WARN_INFINITE_RECURSION = YES;
				CLANG_WARN_INT_CONVERSION = YES;
				CLANG_WARN_NON_LITERAL_NULL_CONVERSION = YES;
				CLANG_WARN_OBJC_IMPLICIT_RETAIN_SELF = YES;
				CLANG_WARN_OBJC_LITERAL_CONVERSION = YES;
				CLANG_WARN_QUOTED_INCLUDE_IN_FRAMEWORK_HEADER = YES;
				CLANG_WARN_RANGE_LOOP_ANALYSIS = YES;
				CLANG_WARN_STRICT_PROTOTYPES = YES;
				CLANG_WARN_SUSPICIOUS_MOVE = YES;
				CLANG_WARN_UNREACHABLE_CODE = YES;
				CLANG_WARN__DUPLICATE_METHOD_MATCH = YES;
				ENABLE_STRICT_OBJC_MSGSEND = YES;
				GCC_NO_COMMON_BLOCKS = YES;
				GCC_WARN_64_TO_32_BIT_CONVERSION = YES;
			};
			name = Release;
		};
		3D1F1A8115B32D3C00DEC23F /* Debug */ = {
			isa = XCBuildConfiguration;
			buildSettings = {
				ALWAYS_SEARCH_USER_PATHS = NO;
				CLANG_ENABLE_OBJC_WEAK = YES;
				COPY_PHASE_STRIP = NO;
				DYLIB_COMPATIBILITY_VERSION = 1;
				DYLIB_CURRENT_VERSION = 1;
				FRAMEWORK_VERSION = A;
				GCC_DYNAMIC_NO_PIC = NO;
				GCC_OPTIMIZATION_LEVEL = 0;
				HEADER_SEARCH_PATHS = (
					"$(SRCROOT)/External/libzip-xcode-custom/External/lipzip/lib/",
					"$(SRCROOT)/External/libzip-xcode-custom/",
				);
				INFOPLIST_FILE = "JXZip-Info.plist";
				INSTALL_PATH = "@rpath";
				LD_RUNPATH_SEARCH_PATHS = "@loader_path/Frameworks";
				PRODUCT_BUNDLE_IDENTIFIER = "de.geheimwerk.${PRODUCT_NAME:rfc1034Identifier}";
				PRODUCT_NAME = JXZip;
				SKIP_INSTALL = YES;
				WRAPPER_EXTENSION = framework;
			};
			name = Debug;
		};
		3D1F1A8215B32D3C00DEC23F /* Release */ = {
			isa = XCBuildConfiguration;
			buildSettings = {
				ALWAYS_SEARCH_USER_PATHS = NO;
				CLANG_ENABLE_OBJC_WEAK = YES;
				DEBUG_INFORMATION_FORMAT = "dwarf-with-dsym";
				DYLIB_COMPATIBILITY_VERSION = 1;
				DYLIB_CURRENT_VERSION = 1;
				FRAMEWORK_VERSION = A;
				HEADER_SEARCH_PATHS = (
					"$(SRCROOT)/External/libzip-xcode-custom/External/lipzip/lib/",
					"$(SRCROOT)/External/libzip-xcode-custom/",
				);
				INFOPLIST_FILE = "JXZip-Info.plist";
				INSTALL_PATH = "@rpath";
				LD_RUNPATH_SEARCH_PATHS = "@loader_path/Frameworks";
				PRODUCT_BUNDLE_IDENTIFIER = "de.geheimwerk.${PRODUCT_NAME:rfc1034Identifier}";
				PRODUCT_NAME = JXZip;
				SKIP_INSTALL = YES;
				WRAPPER_EXTENSION = framework;
			};
			name = Release;
		};
		3D1F1B0515B3FC5F00DEC23F /* Debug */ = {
			isa = XCBuildConfiguration;
			buildSettings = {
				ALWAYS_SEARCH_USER_PATHS = NO;
				CLANG_ENABLE_OBJC_WEAK = YES;
				CLANG_WARN__DUPLICATE_METHOD_MATCH = YES;
				COPY_PHASE_STRIP = NO;
				GCC_DYNAMIC_NO_PIC = NO;
				GCC_PRECOMPILE_PREFIX_HEADER = YES;
				GCC_PREFIX_HEADER = "JXZipTest/JXZipTest-Prefix.pch";
				GCC_PREPROCESSOR_DEFINITIONS = (
					"DEBUG=1",
					"$(inherited)",
				);
				GCC_SYMBOLS_PRIVATE_EXTERN = NO;
				INFOPLIST_FILE = "JXZipTest/JXZipTest-Info.plist";
				PRODUCT_BUNDLE_IDENTIFIER = "de.geheimwerk.${PRODUCT_NAME:rfc1034identifier}";
				PRODUCT_NAME = "$(TARGET_NAME)";
			};
			name = Debug;
		};
		3D1F1B0615B3FC5F00DEC23F /* Release */ = {
			isa = XCBuildConfiguration;
			buildSettings = {
				ALWAYS_SEARCH_USER_PATHS = NO;
				CLANG_ENABLE_OBJC_WEAK = YES;
				CLANG_WARN__DUPLICATE_METHOD_MATCH = YES;
				COPY_PHASE_STRIP = YES;
				DEBUG_INFORMATION_FORMAT = "dwarf-with-dsym";
				GCC_PRECOMPILE_PREFIX_HEADER = YES;
				GCC_PREFIX_HEADER = "JXZipTest/JXZipTest-Prefix.pch";
				INFOPLIST_FILE = "JXZipTest/JXZipTest-Info.plist";
				PRODUCT_BUNDLE_IDENTIFIER = "de.geheimwerk.${PRODUCT_NAME:rfc1034identifier}";
				PRODUCT_NAME = "$(TARGET_NAME)";
			};
			name = Release;
		};
/* End XCBuildConfiguration section */

/* Begin XCConfigurationList section */
		1DEB91B108733DA50010E9CD /* Build configuration list for PBXProject "JXZip" */ = {
			isa = XCConfigurationList;
			buildConfigurations = (
				1DEB91B208733DA50010E9CD /* Debug */,
				1DEB91B308733DA50010E9CD /* Release */,
			);
			defaultConfigurationIsVisible = 0;
			defaultConfigurationName = Release;
		};
		3D1F1A8015B32D3C00DEC23F /* Build configuration list for PBXNativeTarget "JXZip.framework" */ = {
			isa = XCConfigurationList;
			buildConfigurations = (
				3D1F1A8115B32D3C00DEC23F /* Debug */,
				3D1F1A8215B32D3C00DEC23F /* Release */,
			);
			defaultConfigurationIsVisible = 0;
			defaultConfigurationName = Release;
		};
		3D1F1B0715B3FC5F00DEC23F /* Build configuration list for PBXNativeTarget "JXZipTest" */ = {
			isa = XCConfigurationList;
			buildConfigurations = (
				3D1F1B0515B3FC5F00DEC23F /* Debug */,
				3D1F1B0615B3FC5F00DEC23F /* Release */,
			);
			defaultConfigurationIsVisible = 0;
			defaultConfigurationName = Release;
		};
/* End XCConfigurationList section */
	};
	rootObject = 0867D690FE84028FC02AAC07 /* Project object */;
}
